
Microsoft Visual Studio Solution File, Format Version 12.00
# Visual Studio Version 17
VisualStudioVersion = 17.8.34511.84
MinimumVisualStudioVersion = 10.0.40219.1
Project("{9A19103F-16F7-4668-BE54-9A1E7A4F7556}") = "AMMA202409018.API", "AMMA202409018.API\AMMA202409018.API.csproj", "{08CB2774-FB69-42E7-848B-CEB018F075D2}"
EndProject
Project("{FAE04EC0-301F-11D3-BF4B-00C04F79EFBC}") = "AMMA202409018.DTOs", "AMMA202409018.DTOs\AMMA202409018.DTOs.csproj", "{39A923FD-9EAF-4CD5-B3F7-A014833C60D0}"
EndProject
Project("{FAE04EC0-301F-11D3-BF4B-00C04F79EFBC}") = "AMMA202409018.AppWebMVC", "AMMA202409018.AppWebMVC\AMMA202409018.AppWebMVC.csproj", "{A8CF4B5E-AF68-4DEC-8145-A761F5C3ADBF}"
EndProject
Global
	GlobalSection(SolutionConfigurationPlatforms) = preSolution
		Debug|Any CPU = Debug|Any CPU
		Release|Any CPU = Release|Any CPU
	EndGlobalSection
	GlobalSection(ProjectConfigurationPlatforms) = postSolution
		{08CB2774-FB69-42E7-848B-CEB018F075D2}.Debug|Any CPU.ActiveCfg = Debug|Any CPU
		{08CB2774-FB69-42E7-848B-CEB018F075D2}.Debug|Any CPU.Build.0 = Debug|Any CPU
		{08CB2774-FB69-42E7-848B-CEB018F075D2}.Release|Any CPU.ActiveCfg = Release|Any CPU
		{08CB2774-FB69-42E7-848B-CEB018F075D2}.Release|Any CPU.Build.0 = Release|Any CPU
		{39A923FD-9EAF-4CD5-B3F7-A014833C60D0}.Debug|Any CPU.ActiveCfg = Debug|Any CPU
		{39A923FD-9EAF-4CD5-B3F7-A014833C60D0}.Debug|Any CPU.Build.0 = Debug|Any CPU
		{39A923FD-9EAF-4CD5-B3F7-A014833C60D0}.Release|Any CPU.ActiveCfg = Release|Any CPU
		{39A923FD-9EAF-4CD5-B3F7-A014833C60D0}.Release|Any CPU.Build.0 = Release|Any CPU
		{A8CF4B5E-AF68-4DEC-8145-A761F5C3ADBF}.Debug|Any CPU.ActiveCfg = Debug|Any CPU
		{A8CF4B5E-AF68-4DEC-8145-A761F5C3ADBF}.Debug|Any CPU.Build.0 = Debug|Any CPU
		{A8CF4B5E-AF68-4DEC-8145-A761F5C3ADBF}.Release|Any CPU.ActiveCfg = Release|Any CPU
		{A8CF4B5E-AF68-4DEC-8145-A761F5C3ADBF}.Release|Any CPU.Build.0 = Release|Any CPU
	EndGlobalSection
	GlobalSection(SolutionProperties) = preSolution
		HideSolutionNode = FALSE
	EndGlobalSection
	GlobalSection(ExtensibilityGlobals) = postSolution
		SolutionGuid = {BB7EBF40-EC50-4AE8-B8FA-B2A572959117}
	EndGlobalSection
EndGlobal
